# THIS IS AN AUTOGENERATED FILE. DO NOT EDIT THIS FILE DIRECTLY.
# yarn lockfile v1


"@octokit/rest@octokit/rest.js":
  version "0.0.0-semantically-released"
  resolved "https://codeload.github.com/octokit/rest.js/tar.gz/4fbc49bc7686864c302c00ea35462420e9fa1da0"
  dependencies:
    before-after-hook "^1.1.0"
    btoa-lite "^1.0.0"
    debug "^3.1.0"
    is-array-buffer "^1.0.0"
    is-stream "^1.1.0"
    lodash "^4.17.4"
    url-template "^2.0.8"

before-after-hook@^1.1.0:
  version "1.1.0"
  resolved "https://registry.yarnpkg.com/before-after-hook/-/before-after-hook-1.1.0.tgz#83165e15a59460d13702cb8febd6a1807896db5a"

btoa-lite@^1.0.0:
  version "1.0.0"
  resolved "https://registry.yarnpkg.com/btoa-lite/-/btoa-lite-1.0.0.tgz#337766da15801210fdd956c22e9c6891ab9d0337"

debug@^3.1.0:
  version "3.1.0"
  resolved "https://registry.yarnpkg.com/debug/-/debug-3.1.0.tgz#5bb5a0672628b64149566ba16819e61518c67261"
  dependencies:
    ms "2.0.0"

flow-bin@^0.66.0:
  version "0.66.0"
  resolved "https://registry.yarnpkg.com/flow-bin/-/flow-bin-0.66.0.tgz#a96dde7015dc3343fd552a7b4963c02be705ca26"

flow@^0.2.3:
  version "0.2.3"
  resolved "https://registry.yarnpkg.com/flow/-/flow-0.2.3.tgz#f8da65efa249127ec99376a28896572a9795d1af"

is-array-buffer@^1.0.0:
  version "1.0.0"
  resolved "https://registry.yarnpkg.com/is-array-buffer/-/is-array-buffer-1.0.0.tgz#f32497a0509d109423f472003f98bab6a8ea34cb"

is-stream@^1.1.0:
  version "1.1.0"
  resolved "https://registry.yarnpkg.com/is-stream/-/is-stream-1.1.0.tgz#12d4a3dd4e68e0b79ceb8dbc84173ae80d91ca44"

lodash@^4.17.4:
  version "4.17.5"
  resolved "https://registry.yarnpkg.com/lodash/-/lodash-4.17.5.tgz#99a92d65c0272debe8c96b6057bc8fbfa3bed511"

ms@2.0.0:
  version "2.0.0"
  resolved "https://registry.yarnpkg.com/ms/-/ms-2.0.0.tgz#5608aeadfc00be6c2901df5f9861788de0d597c8"

url-template@^2.0.8:
  version "2.0.8"
  resolved "https://registry.yarnpkg.com/url-template/-/url-template-2.0.8.tgz#fc565a3cccbff7730c775f5641f9555791439f21"
